
Microsoft Visual Studio Solution File, Format Version 12.00
# Visual Studio Version 16
VisualStudioVersion = 16.0.30114.105
MinimumVisualStudioVersion = 10.0.40219.1
Project("{2150E333-8FDC-42A3-9474-1A3956D46DE8}") = "GrainImplement", "GrainImplement", "{4330F596-F9D1-4250-B7FA-0671C9CB7141}"
EndProject
Project("{2150E333-8FDC-42A3-9474-1A3956D46DE8}") = "Host", "Host", "{8EF40F28-7B2E-4D51-99E2-E6DC5406FF5A}"
EndProject
Project("{2150E333-8FDC-42A3-9474-1A3956D46DE8}") = "GrainInterface", "GrainInterface", "{32C16B2F-E3AD-4052-9487-2BB21ADBEC40}"
EndProject
Project("{FAE04EC0-301F-11D3-BF4B-00C04F79EFBC}") = "GrainInterface.WMS", "GrainInterface.WMS\GrainInterface.WMS.csproj", "{7803A325-75E6-49C8-918B-B3E50FAE039D}"
EndProject
Project("{FAE04EC0-301F-11D3-BF4B-00C04F79EFBC}") = "GrainImplement.WMS", "Grain.WMS\GrainImplement.WMS.csproj", "{D3B34E2D-9256-4874-981B-5EBD3DB36F8C}"
EndProject
Project("{FAE04EC0-301F-11D3-BF4B-00C04F79EFBC}") = "Silo.WMS", "Silo.WMS\Silo.WMS.csproj", "{ADA2C5FA-EB7A-4BEE-B9BD-94DCC7312F39}"
EndProject
Project("{2150E333-8FDC-42A3-9474-1A3956D46DE8}") = "Service", "Service", "{3F0935E4-2844-48E4-87EA-8E59C07C64C9}"
EndProject
Project("{FAE04EC0-301F-11D3-BF4B-00C04F79EFBC}") = "Service.HY", "Service.HY\Service.HY.csproj", "{2EB1E4EA-50D1-4642-B7C0-FD0341B6DBE3}"
EndProject
Global
	GlobalSection(SolutionConfigurationPlatforms) = preSolution
		Debug|Any CPU = Debug|Any CPU
		Release|Any CPU = Release|Any CPU
	EndGlobalSection
	GlobalSection(ProjectConfigurationPlatforms) = postSolution
		{7803A325-75E6-49C8-918B-B3E50FAE039D}.Debug|Any CPU.ActiveCfg = Debug|Any CPU
		{7803A325-75E6-49C8-918B-B3E50FAE039D}.Debug|Any CPU.Build.0 = Debug|Any CPU
		{7803A325-75E6-49C8-918B-B3E50FAE039D}.Release|Any CPU.ActiveCfg = Release|Any CPU
		{7803A325-75E6-49C8-918B-B3E50FAE039D}.Release|Any CPU.Build.0 = Release|Any CPU
		{D3B34E2D-9256-4874-981B-5EBD3DB36F8C}.Debug|Any CPU.ActiveCfg = Debug|Any CPU
		{D3B34E2D-9256-4874-981B-5EBD3DB36F8C}.Debug|Any CPU.Build.0 = Debug|Any CPU
		{D3B34E2D-9256-4874-981B-5EBD3DB36F8C}.Release|Any CPU.ActiveCfg = Release|Any CPU
		{D3B34E2D-9256-4874-981B-5EBD3DB36F8C}.Release|Any CPU.Build.0 = Release|Any CPU
		{ADA2C5FA-EB7A-4BEE-B9BD-94DCC7312F39}.Debug|Any CPU.ActiveCfg = Debug|Any CPU
		{ADA2C5FA-EB7A-4BEE-B9BD-94DCC7312F39}.Debug|Any CPU.Build.0 = Debug|Any CPU
		{ADA2C5FA-EB7A-4BEE-B9BD-94DCC7312F39}.Release|Any CPU.ActiveCfg = Release|Any CPU
		{ADA2C5FA-EB7A-4BEE-B9BD-94DCC7312F39}.Release|Any CPU.Build.0 = Release|Any CPU
		{2EB1E4EA-50D1-4642-B7C0-FD0341B6DBE3}.Debug|Any CPU.ActiveCfg = Debug|Any CPU
		{2EB1E4EA-50D1-4642-B7C0-FD0341B6DBE3}.Debug|Any CPU.Build.0 = Debug|Any CPU
		{2EB1E4EA-50D1-4642-B7C0-FD0341B6DBE3}.Release|Any CPU.ActiveCfg = Release|Any CPU
		{2EB1E4EA-50D1-4642-B7C0-FD0341B6DBE3}.Release|Any CPU.Build.0 = Release|Any CPU
	EndGlobalSection
	GlobalSection(SolutionProperties) = preSolution
		HideSolutionNode = FALSE
	EndGlobalSection
	GlobalSection(NestedProjects) = preSolution
		{7803A325-75E6-49C8-918B-B3E50FAE039D} = {32C16B2F-E3AD-4052-9487-2BB21ADBEC40}
		{D3B34E2D-9256-4874-981B-5EBD3DB36F8C} = {4330F596-F9D1-4250-B7FA-0671C9CB7141}
		{ADA2C5FA-EB7A-4BEE-B9BD-94DCC7312F39} = {8EF40F28-7B2E-4D51-99E2-E6DC5406FF5A}
		{2EB1E4EA-50D1-4642-B7C0-FD0341B6DBE3} = {3F0935E4-2844-48E4-87EA-8E59C07C64C9}
	EndGlobalSection
	GlobalSection(ExtensibilityGlobals) = postSolution
		SolutionGuid = {EBF221AE-140C-420D-8E25-A0961E289FF7}
	EndGlobalSection
EndGlobal
